
Microsoft Visual Studio Solution File, Format Version 12.00
# Visual Studio Version 16
VisualStudioVersion = 16.0.29411.138
MinimumVisualStudioVersion = 10.0.40219.1
Project("{9A19103F-16F7-4668-BE54-9A1E7A4F7556}") = "AstroWatcher", "AstroWatcher\AstroWatcher.csproj", "{956B7B47-423A-4404-9F05-E202D4DC8066}"
EndProject
Global
	GlobalSection(SolutionConfigurationPlatforms) = preSolution
		Debug|Any CPU = Debug|Any CPU
		Release|Any CPU = Release|Any CPU
	EndGlobalSection
	GlobalSection(ProjectConfigurationPlatforms) = postSolution
		{956B7B47-423A-4404-9F05-E202D4DC8066}.Debug|Any CPU.ActiveCfg = Debug|Any CPU
		{956B7B47-423A-4404-9F05-E202D4DC8066}.Debug|Any CPU.Build.0 = Debug|Any CPU
		{956B7B47-423A-4404-9F05-E202D4DC8066}.Release|Any CPU.ActiveCfg = Release|Any CPU
		{956B7B47-423A-4404-9F05-E202D4DC8066}.Release|Any CPU.Build.0 = Release|Any CPU
	EndGlobalSection
	GlobalSection(SolutionProperties) = preSolution
		HideSolutionNode = FALSE
	EndGlobalSection
	GlobalSection(ExtensibilityGlobals) = postSolution
		SolutionGuid = {1930B665-FDAD-448E-B233-0F2772CE2091}
	EndGlobalSection
EndGlobal
